
Microsoft Visual Studio Solution File, Format Version 12.00
# Visual Studio Version 17
VisualStudioVersion = 17.3.32901.215
MinimumVisualStudioVersion = 10.0.40219.1
Project("{FAE04EC0-301F-11D3-BF4B-00C04F79EFBC}") = "WebAPI", "WebAPI\WebAPI.csproj", "{3ADBE7CA-9605-478A-8292-482A72CEFEA5}"
EndProject
Project("{FAE04EC0-301F-11D3-BF4B-00C04F79EFBC}") = "Domain", "Domain\Domain.csproj", "{C51888CC-6F0F-45A2-ABF4-7E0AA7D4C07B}"
EndProject
Global
	GlobalSection(SolutionConfigurationPlatforms) = preSolution
		Debug|Any CPU = Debug|Any CPU
		Release|Any CPU = Release|Any CPU
	EndGlobalSection
	GlobalSection(ProjectConfigurationPlatforms) = postSolution
		{3ADBE7CA-9605-478A-8292-482A72CEFEA5}.Debug|Any CPU.ActiveCfg = Debug|Any CPU
		{3ADBE7CA-9605-478A-8292-482A72CEFEA5}.Debug|Any CPU.Build.0 = Debug|Any CPU
		{3ADBE7CA-9605-478A-8292-482A72CEFEA5}.Release|Any CPU.ActiveCfg = Release|Any CPU
		{3ADBE7CA-9605-478A-8292-482A72CEFEA5}.Release|Any CPU.Build.0 = Release|Any CPU
		{C51888CC-6F0F-45A2-ABF4-7E0AA7D4C07B}.Debug|Any CPU.ActiveCfg = Debug|Any CPU
		{C51888CC-6F0F-45A2-ABF4-7E0AA7D4C07B}.Debug|Any CPU.Build.0 = Debug|Any CPU
		{C51888CC-6F0F-45A2-ABF4-7E0AA7D4C07B}.Release|Any CPU.ActiveCfg = Release|Any CPU
		{C51888CC-6F0F-45A2-ABF4-7E0AA7D4C07B}.Release|Any CPU.Build.0 = Release|Any CPU
	EndGlobalSection
	GlobalSection(SolutionProperties) = preSolution
		HideSolutionNode = FALSE
	EndGlobalSection
	GlobalSection(ExtensibilityGlobals) = postSolution
		SolutionGuid = {457A4BA8-E9F6-4851-9CB9-7840DD7C6B65}
	EndGlobalSection
EndGlobal
